
Microsoft Visual Studio Solution File, Format Version 12.00
# Visual Studio Version 17
VisualStudioVersion = 17.9.34526.213
MinimumVisualStudioVersion = 10.0.40219.1
Project("{9A19103F-16F7-4668-BE54-9A1E7A4F7556}") = "SulzerApi", "SulzerApi\SulzerApi.csproj", "{95E0F901-545E-4C1D-A661-DBD281B6D27A}"
EndProject
Project("{9A19103F-16F7-4668-BE54-9A1E7A4F7556}") = "Sulzer.Domain", "Sulzer.Domain\Sulzer.Domain.csproj", "{817FBB0F-4A15-4C01-8A9F-CCE149F802CC}"
EndProject
Project("{9A19103F-16F7-4668-BE54-9A1E7A4F7556}") = "Sulzer.Repository", "Sulzer.Repository\Sulzer.Repository.csproj", "{1CBBCFEE-2F34-47DC-922C-3B8F612B935A}"
EndProject
Project("{9A19103F-16F7-4668-BE54-9A1E7A4F7556}") = "Sulzer.Bussines", "Sulzer.Bussines\Sulzer.Bussines.csproj", "{CCAB5F09-8DB3-46B9-8175-0FC5185B23F7}"
EndProject
Project("{2150E333-8FDC-42A3-9474-1A3956D46DE8}") = "Elementos de la solución", "Elementos de la solución", "{3041BC60-7778-4C31-A5FA-B42AE5BDD1E9}"
	ProjectSection(SolutionItems) = preProject
		README.md = README.md
	EndProjectSection
EndProject
Project("{9A19103F-16F7-4668-BE54-9A1E7A4F7556}") = "Sulzer.Test", "Sulzer.Test\Sulzer.Test.csproj", "{08018146-C1EF-4B02-99EB-60010227E125}"
EndProject
Global
	GlobalSection(SolutionConfigurationPlatforms) = preSolution
		Debug|Any CPU = Debug|Any CPU
		Release|Any CPU = Release|Any CPU
	EndGlobalSection
	GlobalSection(ProjectConfigurationPlatforms) = postSolution
		{95E0F901-545E-4C1D-A661-DBD281B6D27A}.Debug|Any CPU.ActiveCfg = Debug|Any CPU
		{95E0F901-545E-4C1D-A661-DBD281B6D27A}.Debug|Any CPU.Build.0 = Debug|Any CPU
		{95E0F901-545E-4C1D-A661-DBD281B6D27A}.Release|Any CPU.ActiveCfg = Release|Any CPU
		{95E0F901-545E-4C1D-A661-DBD281B6D27A}.Release|Any CPU.Build.0 = Release|Any CPU
		{817FBB0F-4A15-4C01-8A9F-CCE149F802CC}.Debug|Any CPU.ActiveCfg = Debug|Any CPU
		{817FBB0F-4A15-4C01-8A9F-CCE149F802CC}.Debug|Any CPU.Build.0 = Debug|Any CPU
		{817FBB0F-4A15-4C01-8A9F-CCE149F802CC}.Release|Any CPU.ActiveCfg = Release|Any CPU
		{817FBB0F-4A15-4C01-8A9F-CCE149F802CC}.Release|Any CPU.Build.0 = Release|Any CPU
		{1CBBCFEE-2F34-47DC-922C-3B8F612B935A}.Debug|Any CPU.ActiveCfg = Debug|Any CPU
		{1CBBCFEE-2F34-47DC-922C-3B8F612B935A}.Debug|Any CPU.Build.0 = Debug|Any CPU
		{1CBBCFEE-2F34-47DC-922C-3B8F612B935A}.Release|Any CPU.ActiveCfg = Release|Any CPU
		{1CBBCFEE-2F34-47DC-922C-3B8F612B935A}.Release|Any CPU.Build.0 = Release|Any CPU
		{CCAB5F09-8DB3-46B9-8175-0FC5185B23F7}.Debug|Any CPU.ActiveCfg = Debug|Any CPU
		{CCAB5F09-8DB3-46B9-8175-0FC5185B23F7}.Debug|Any CPU.Build.0 = Debug|Any CPU
		{CCAB5F09-8DB3-46B9-8175-0FC5185B23F7}.Release|Any CPU.ActiveCfg = Release|Any CPU
		{CCAB5F09-8DB3-46B9-8175-0FC5185B23F7}.Release|Any CPU.Build.0 = Release|Any CPU
		{08018146-C1EF-4B02-99EB-60010227E125}.Debug|Any CPU.ActiveCfg = Debug|Any CPU
		{08018146-C1EF-4B02-99EB-60010227E125}.Debug|Any CPU.Build.0 = Debug|Any CPU
		{08018146-C1EF-4B02-99EB-60010227E125}.Release|Any CPU.ActiveCfg = Release|Any CPU
		{08018146-C1EF-4B02-99EB-60010227E125}.Release|Any CPU.Build.0 = Release|Any CPU
	EndGlobalSection
	GlobalSection(SolutionProperties) = preSolution
		HideSolutionNode = FALSE
	EndGlobalSection
	GlobalSection(ExtensibilityGlobals) = postSolution
		SolutionGuid = {3F23E477-198F-4A6E-8018-3941622A584D}
	EndGlobalSection
EndGlobal
